
Microsoft Visual Studio Solution File, Format Version 12.00
# Visual Studio Version 17
VisualStudioVersion = 17.0.31903.59
MinimumVisualStudioVersion = 10.0.40219.1
Project("{2150E333-8FDC-42A3-9474-1A3956D46DE8}") = "src", "src", "{827E0CD3-B72D-47B6-A68D-7590B98EB39B}"
EndProject
Project("{2150E333-8FDC-42A3-9474-1A3956D46DE8}") = "Shared", "Shared", "{C8E42992-5E42-0C2B-DBFE-AA848D06431C}"
EndProject
Project("{FAE04EC0-301F-11D3-BF4B-00C04F79EFBC}") = "Vitrin.Shared.Kernel", "src\Shared\Vitrin.Shared.Kernel\Vitrin.Shared.Kernel.csproj", "{6BBA3CA7-476A-47CB-A62F-254F63649D18}"
EndProject
Project("{FAE04EC0-301F-11D3-BF4B-00C04F79EFBC}") = "Vitrin.Shared.Infrastructure", "src\Shared\Vitrin.Shared.Infrastructure\Vitrin.Shared.Infrastructure.csproj", "{5B59C997-8759-46B1-8856-9E879F96FE83}"
EndProject
Project("{FAE04EC0-301F-11D3-BF4B-00C04F79EFBC}") = "Vitrin.Shared.Contracts", "src\Shared\Vitrin.Shared.Contracts\Vitrin.Shared.Contracts.csproj", "{E0F324EB-ED18-474E-886D-2D097BACB9C1}"
EndProject
Project("{2150E333-8FDC-42A3-9474-1A3956D46DE8}") = "Services", "Services", "{984BB9B3-3FA3-BE33-9484-CAC21695A33C}"
EndProject
Project("{2150E333-8FDC-42A3-9474-1A3956D46DE8}") = "Auth", "Auth", "{473EF3C4-73FA-6715-AA3C-7C7929374EED}"
EndProject
Project("{FAE04EC0-301F-11D3-BF4B-00C04F79EFBC}") = "Vitrin.Auth.Domain", "src\Services\Auth\Vitrin.Auth.Domain\Vitrin.Auth.Domain.csproj", "{E30084CA-602C-444B-B57E-8ADBCAF70D5F}"
EndProject
Project("{2150E333-8FDC-42A3-9474-1A3956D46DE8}") = "Product", "Product", "{374CED38-7421-B0F7-DFE2-3AF3B9F49E7C}"
EndProject
Project("{FAE04EC0-301F-11D3-BF4B-00C04F79EFBC}") = "Vitrin.Product.Domain", "src\Services\Product\Vitrin.Product.Domain\Vitrin.Product.Domain.csproj", "{52413D61-10FA-4FC0-9A2E-D60FEFCA0A8A}"
EndProject
Project("{2150E333-8FDC-42A3-9474-1A3956D46DE8}") = "Voting", "Voting", "{D69A2EC9-F8AB-4291-6ADF-DC34E82A5420}"
EndProject
Project("{FAE04EC0-301F-11D3-BF4B-00C04F79EFBC}") = "Vitrin.Voting.Domain", "src\Services\Voting\Vitrin.Voting.Domain\Vitrin.Voting.Domain.csproj", "{D0867C54-983A-4B5D-B6E9-65BDBC155393}"
EndProject
Project("{FAE04EC0-301F-11D3-BF4B-00C04F79EFBC}") = "Vitrin.Product.Application", "src\Services\Product\Vitrin.Product.Application\Vitrin.Product.Application.csproj", "{185FB982-0F27-4A05-89F1-8150B1B5F60C}"
EndProject
Project("{FAE04EC0-301F-11D3-BF4B-00C04F79EFBC}") = "Vitrin.Voting.Application", "src\Services\Voting\Vitrin.Voting.Application\Vitrin.Voting.Application.csproj", "{FAA527E5-B56A-40FD-96AD-302188BBADB7}"
EndProject
Project("{FAE04EC0-301F-11D3-BF4B-00C04F79EFBC}") = "Vitrin.Product.Api", "src\Services\Product\Vitrin.Product.Api\Vitrin.Product.Api.csproj", "{25F2C7FB-829A-4357-8D56-665F85DE9457}"
EndProject
Project("{FAE04EC0-301F-11D3-BF4B-00C04F79EFBC}") = "Vitrin.Product.Infrastructure", "src\Services\Product\Vitrin.Product.Infrastructure\Vitrin.Product.Infrastructure.csproj", "{4C2314B1-01E6-4DD0-9153-8DE84A64EE4D}"
EndProject
Project("{FAE04EC0-301F-11D3-BF4B-00C04F79EFBC}") = "Vitrin.Voting.Infrastructure", "src\Services\Voting\Vitrin.Voting.Infrastructure\Vitrin.Voting.Infrastructure.csproj", "{722D473D-028D-4530-AC02-5EEF8E7CFFAF}"
EndProject
Project("{FAE04EC0-301F-11D3-BF4B-00C04F79EFBC}") = "Vitrin.Voting.Api", "src\Services\Voting\Vitrin.Voting.Api\Vitrin.Voting.Api.csproj", "{DC88EA71-DBE7-4D8E-B71A-B587F2AA169A}"
EndProject
Project("{2150E333-8FDC-42A3-9474-1A3956D46DE8}") = "Gateways", "Gateways", "{CBE535C5-B51A-60E9-4D99-AC1BFAA908A1}"
EndProject
Project("{FAE04EC0-301F-11D3-BF4B-00C04F79EFBC}") = "Vitrin.Gateway", "src\Gateways\Vitrin.Gateway\Vitrin.Gateway.csproj", "{EF3CC64B-FB0A-430C-9833-1B054228EDAA}"
EndProject
Project("{2150E333-8FDC-42A3-9474-1A3956D46DE8}") = "Comment", "Comment", "{83346A78-8B00-CE0E-19A0-2626A161E1C7}"
EndProject
Project("{FAE04EC0-301F-11D3-BF4B-00C04F79EFBC}") = "Vitrin.Comment.Domain", "src\Services\Comment\Vitrin.Comment.Domain\Vitrin.Comment.Domain.csproj", "{56796569-E022-4A18-9366-8697B764D96E}"
EndProject
Project("{FAE04EC0-301F-11D3-BF4B-00C04F79EFBC}") = "Vitrin.Comment.Application", "src\Services\Comment\Vitrin.Comment.Application\Vitrin.Comment.Application.csproj", "{6DA74C26-94D8-4CA7-983D-48DE5B50847A}"
EndProject
Project("{FAE04EC0-301F-11D3-BF4B-00C04F79EFBC}") = "Vitrin.Comment.Infrastructure", "src\Services\Comment\Vitrin.Comment.Infrastructure\Vitrin.Comment.Infrastructure.csproj", "{B45B5AD3-C96C-4BA4-B47D-BAE780B22A07}"
EndProject
Project("{FAE04EC0-301F-11D3-BF4B-00C04F79EFBC}") = "Vitrin.Comment.Api", "src\Services\Comment\Vitrin.Comment.Api\Vitrin.Comment.Api.csproj", "{09F02094-1690-4A08-943E-3B1C25AAC531}"
EndProject
Project("{2150E333-8FDC-42A3-9474-1A3956D46DE8}") = "Notification", "Notification", "{C5FBE174-8E0F-F5A3-B929-8BD0C55C0A32}"
EndProject
Project("{FAE04EC0-301F-11D3-BF4B-00C04F79EFBC}") = "Vitrin.Notification.Domain", "src\Services\Notification\Vitrin.Notification.Domain\Vitrin.Notification.Domain.csproj", "{044C253C-0DF0-4692-9F9C-AC771B8CE5B6}"
EndProject
Project("{FAE04EC0-301F-11D3-BF4B-00C04F79EFBC}") = "Vitrin.Notification.Application", "src\Services\Notification\Vitrin.Notification.Application\Vitrin.Notification.Application.csproj", "{C89B2DD5-1C33-41A0-9DD3-53EC5EED2098}"
EndProject
Project("{FAE04EC0-301F-11D3-BF4B-00C04F79EFBC}") = "Vitrin.Notification.Infrastructure", "src\Services\Notification\Vitrin.Notification.Infrastructure\Vitrin.Notification.Infrastructure.csproj", "{26839BE5-E7C6-49DD-8217-F2B86F3BF112}"
EndProject
Project("{FAE04EC0-301F-11D3-BF4B-00C04F79EFBC}") = "Vitrin.Notification.Api", "src\Services\Notification\Vitrin.Notification.Api\Vitrin.Notification.Api.csproj", "{651EE331-C358-4C45-ADEC-60912FF9AB1F}"
EndProject
Project("{2150E333-8FDC-42A3-9474-1A3956D46DE8}") = "Analytics", "Analytics", "{BB77F832-879F-00F9-E108-00944EDB87D8}"
EndProject
Project("{FAE04EC0-301F-11D3-BF4B-00C04F79EFBC}") = "Vitrin.Analytics.Domain", "src\Services\Analytics\Vitrin.Analytics.Domain\Vitrin.Analytics.Domain.csproj", "{871FADF5-6111-4D50-9538-7FCBC6E40566}"
EndProject
Project("{FAE04EC0-301F-11D3-BF4B-00C04F79EFBC}") = "Vitrin.Analytics.Application", "src\Services\Analytics\Vitrin.Analytics.Application\Vitrin.Analytics.Application.csproj", "{B8F54F0A-F5A8-4276-ADEF-01532C732545}"
EndProject
Project("{FAE04EC0-301F-11D3-BF4B-00C04F79EFBC}") = "Vitrin.Analytics.Infrastructure", "src\Services\Analytics\Vitrin.Analytics.Infrastructure\Vitrin.Analytics.Infrastructure.csproj", "{2383BDFD-BDB7-464D-A548-05021D111AFB}"
EndProject
Project("{FAE04EC0-301F-11D3-BF4B-00C04F79EFBC}") = "Vitrin.Analytics.Api", "src\Services\Analytics\Vitrin.Analytics.Api\Vitrin.Analytics.Api.csproj", "{86FAAC25-B820-490D-857D-85F413A2D927}"
EndProject
Project("{2150E333-8FDC-42A3-9474-1A3956D46DE8}") = "Ai", "Ai", "{A87B60BB-9197-0D74-699B-A61BF49232C6}"
EndProject
Project("{FAE04EC0-301F-11D3-BF4B-00C04F79EFBC}") = "Vitrin.Ai.Domain", "src\Services\Ai\Vitrin.Ai.Domain\Vitrin.Ai.Domain.csproj", "{4B9E4254-7F89-423D-A5A7-50BF98E39B32}"
EndProject
Project("{FAE04EC0-301F-11D3-BF4B-00C04F79EFBC}") = "Vitrin.Ai.Application", "src\Services\Ai\Vitrin.Ai.Application\Vitrin.Ai.Application.csproj", "{5156351E-2A02-4CE5-9C1C-979BB5E56BAD}"
EndProject
Project("{FAE04EC0-301F-11D3-BF4B-00C04F79EFBC}") = "Vitrin.Ai.Infrastructure", "src\Services\Ai\Vitrin.Ai.Infrastructure\Vitrin.Ai.Infrastructure.csproj", "{708296C8-C5F2-4908-9ED1-462CAC289660}"
EndProject
Project("{FAE04EC0-301F-11D3-BF4B-00C04F79EFBC}") = "Vitrin.Ai.Api", "src\Services\Ai\Vitrin.Ai.Api\Vitrin.Ai.Api.csproj", "{6D95F970-9746-44D7-BD9D-2B5E327C7D00}"
EndProject
Project("{FAE04EC0-301F-11D3-BF4B-00C04F79EFBC}") = "Vitrin.Auth.Application", "src\Services\Auth\Vitrin.Auth.Application\Vitrin.Auth.Application.csproj", "{22B09CD1-A3B3-489F-9257-C0C4286529F7}"
EndProject
Project("{FAE04EC0-301F-11D3-BF4B-00C04F79EFBC}") = "Vitrin.Auth.Infrastructure", "src\Services\Auth\Vitrin.Auth.Infrastructure\Vitrin.Auth.Infrastructure.csproj", "{1E319C13-0424-4732-B8DD-545AA0729360}"
EndProject
Project("{FAE04EC0-301F-11D3-BF4B-00C04F79EFBC}") = "Vitrin.Auth.Api", "src\Services\Auth\Vitrin.Auth.Api\Vitrin.Auth.Api.csproj", "{5FB982CC-A842-49D8-ABC7-A4AAA4D4FC82}"
EndProject
Project("{2150E333-8FDC-42A3-9474-1A3956D46DE8}") = "tests", "tests", "{0AB3BF05-4346-4AA6-1389-037BE0695223}"
EndProject
Project("{FAE04EC0-301F-11D3-BF4B-00C04F79EFBC}") = "Vitrin.Auth.Tests", "tests\Vitrin.Auth.Tests\Vitrin.Auth.Tests.csproj", "{F7FE8128-63CE-4D0D-8D98-7431D62E9AF3}"
EndProject
Project("{FAE04EC0-301F-11D3-BF4B-00C04F79EFBC}") = "Vitrin.Product.Tests", "tests\Vitrin.Product.Tests\Vitrin.Product.Tests.csproj", "{65609A27-4C95-4AC5-B8FF-553744F14711}"
EndProject
Project("{FAE04EC0-301F-11D3-BF4B-00C04F79EFBC}") = "Vitrin.Comment.Tests", "tests\Vitrin.Comment.Tests\Vitrin.Comment.Tests.csproj", "{B9A0488A-002A-4260-B9FD-4743FB48433A}"
EndProject
Project("{FAE04EC0-301F-11D3-BF4B-00C04F79EFBC}") = "Vitrin.Voting.Tests", "tests\Vitrin.Voting.Tests\Vitrin.Voting.Tests.csproj", "{FF81B1E6-1D7A-4EAA-8215-A6D0F6820990}"
EndProject
Project("{2150E333-8FDC-42A3-9474-1A3956D46DE8}") = "Ai", "Ai", "{10C7AADA-240C-599B-D086-2F2CEEE02EBE}"
EndProject
Project("{FAE04EC0-301F-11D3-BF4B-00C04F79EFBC}") = "Vitrin.Ai.Tests", "tests\Vitrin.Ai.Tests\Vitrin.Ai.Tests.csproj", "{E7AF14FD-9E06-4CDD-8FCC-647C40B75F81}"
EndProject
Project("{FAE04EC0-301F-11D3-BF4B-00C04F79EFBC}") = "Vitrin.IntegrationTests", "tests\Vitrin.IntegrationTests\Vitrin.IntegrationTests.csproj", "{8222F5B1-A29A-4EFD-AD0E-3A4E13D5B57A}"
EndProject
Global
	GlobalSection(SolutionConfigurationPlatforms) = preSolution
		Debug|Any CPU = Debug|Any CPU
		Debug|x64 = Debug|x64
		Debug|x86 = Debug|x86
		Release|Any CPU = Release|Any CPU
		Release|x64 = Release|x64
		Release|x86 = Release|x86
	EndGlobalSection
	GlobalSection(ProjectConfigurationPlatforms) = postSolution
		{6BBA3CA7-476A-47CB-A62F-254F63649D18}.Debug|Any CPU.ActiveCfg = Debug|Any CPU
		{6BBA3CA7-476A-47CB-A62F-254F63649D18}.Debug|Any CPU.Build.0 = Debug|Any CPU
		{6BBA3CA7-476A-47CB-A62F-254F63649D18}.Debug|x64.ActiveCfg = Debug|Any CPU
		{6BBA3CA7-476A-47CB-A62F-254F63649D18}.Debug|x64.Build.0 = Debug|Any CPU
		{6BBA3CA7-476A-47CB-A62F-254F63649D18}.Debug|x86.ActiveCfg = Debug|Any CPU
		{6BBA3CA7-476A-47CB-A62F-254F63649D18}.Debug|x86.Build.0 = Debug|Any CPU
		{6BBA3CA7-476A-47CB-A62F-254F63649D18}.Release|Any CPU.ActiveCfg = Release|Any CPU
		{6BBA3CA7-476A-47CB-A62F-254F63649D18}.Release|Any CPU.Build.0 = Release|Any CPU
		{6BBA3CA7-476A-47CB-A62F-254F63649D18}.Release|x64.ActiveCfg = Release|Any CPU
		{6BBA3CA7-476A-47CB-A62F-254F63649D18}.Release|x64.Build.0 = Release|Any CPU
		{6BBA3CA7-476A-47CB-A62F-254F63649D18}.Release|x86.ActiveCfg = Release|Any CPU
		{6BBA3CA7-476A-47CB-A62F-254F63649D18}.Release|x86.Build.0 = Release|Any CPU
		{5B59C997-8759-46B1-8856-9E879F96FE83}.Debug|Any CPU.ActiveCfg = Debug|Any CPU
		{5B59C997-8759-46B1-8856-9E879F96FE83}.Debug|Any CPU.Build.0 = Debug|Any CPU
		{5B59C997-8759-46B1-8856-9E879F96FE83}.Debug|x64.ActiveCfg = Debug|Any CPU
		{5B59C997-8759-46B1-8856-9E879F96FE83}.Debug|x64.Build.0 = Debug|Any CPU
		{5B59C997-8759-46B1-8856-9E879F96FE83}.Debug|x86.ActiveCfg = Debug|Any CPU
		{5B59C997-8759-46B1-8856-9E879F96FE83}.Debug|x86.Build.0 = Debug|Any CPU
		{5B59C997-8759-46B1-8856-9E879F96FE83}.Release|Any CPU.ActiveCfg = Release|Any CPU
		{5B59C997-8759-46B1-8856-9E879F96FE83}.Release|Any CPU.Build.0 = Release|Any CPU
		{5B59C997-8759-46B1-8856-9E879F96FE83}.Release|x64.ActiveCfg = Release|Any CPU
		{5B59C997-8759-46B1-8856-9E879F96FE83}.Release|x64.Build.0 = Release|Any CPU
		{5B59C997-8759-46B1-8856-9E879F96FE83}.Release|x86.ActiveCfg = Release|Any CPU
		{5B59C997-8759-46B1-8856-9E879F96FE83}.Release|x86.Build.0 = Release|Any CPU
		{E0F324EB-ED18-474E-886D-2D097BACB9C1}.Debug|Any CPU.ActiveCfg = Debug|Any CPU
		{E0F324EB-ED18-474E-886D-2D097BACB9C1}.Debug|Any CPU.Build.0 = Debug|Any CPU
		{E0F324EB-ED18-474E-886D-2D097BACB9C1}.Debug|x64.ActiveCfg = Debug|Any CPU
		{E0F324EB-ED18-474E-886D-2D097BACB9C1}.Debug|x64.Build.0 = Debug|Any CPU
		{E0F324EB-ED18-474E-886D-2D097BACB9C1}.Debug|x86.ActiveCfg = Debug|Any CPU
		{E0F324EB-ED18-474E-886D-2D097BACB9C1}.Debug|x86.Build.0 = Debug|Any CPU
		{E0F324EB-ED18-474E-886D-2D097BACB9C1}.Release|Any CPU.ActiveCfg = Release|Any CPU
		{E0F324EB-ED18-474E-886D-2D097BACB9C1}.Release|Any CPU.Build.0 = Release|Any CPU
		{E0F324EB-ED18-474E-886D-2D097BACB9C1}.Release|x64.ActiveCfg = Release|Any CPU
		{E0F324EB-ED18-474E-886D-2D097BACB9C1}.Release|x64.Build.0 = Release|Any CPU
		{E0F324EB-ED18-474E-886D-2D097BACB9C1}.Release|x86.ActiveCfg = Release|Any CPU
		{E0F324EB-ED18-474E-886D-2D097BACB9C1}.Release|x86.Build.0 = Release|Any CPU
		{E30084CA-602C-444B-B57E-8ADBCAF70D5F}.Debug|Any CPU.ActiveCfg = Debug|Any CPU
		{E30084CA-602C-444B-B57E-8ADBCAF70D5F}.Debug|Any CPU.Build.0 = Debug|Any CPU
		{E30084CA-602C-444B-B57E-8ADBCAF70D5F}.Debug|x64.ActiveCfg = Debug|Any CPU
		{E30084CA-602C-444B-B57E-8ADBCAF70D5F}.Debug|x64.Build.0 = Debug|Any CPU
		{E30084CA-602C-444B-B57E-8ADBCAF70D5F}.Debug|x86.ActiveCfg = Debug|Any CPU
		{E30084CA-602C-444B-B57E-8ADBCAF70D5F}.Debug|x86.Build.0 = Debug|Any CPU
		{E30084CA-602C-444B-B57E-8ADBCAF70D5F}.Release|Any CPU.ActiveCfg = Release|Any CPU
		{E30084CA-602C-444B-B57E-8ADBCAF70D5F}.Release|Any CPU.Build.0 = Release|Any CPU
		{E30084CA-602C-444B-B57E-8ADBCAF70D5F}.Release|x64.ActiveCfg = Release|Any CPU
		{E30084CA-602C-444B-B57E-8ADBCAF70D5F}.Release|x64.Build.0 = Release|Any CPU
		{E30084CA-602C-444B-B57E-8ADBCAF70D5F}.Release|x86.ActiveCfg = Release|Any CPU
		{E30084CA-602C-444B-B57E-8ADBCAF70D5F}.Release|x86.Build.0 = Release|Any CPU
		{52413D61-10FA-4FC0-9A2E-D60FEFCA0A8A}.Debug|Any CPU.ActiveCfg = Debug|Any CPU
		{52413D61-10FA-4FC0-9A2E-D60FEFCA0A8A}.Debug|Any CPU.Build.0 = Debug|Any CPU
		{52413D61-10FA-4FC0-9A2E-D60FEFCA0A8A}.Debug|x64.ActiveCfg = Debug|Any CPU
		{52413D61-10FA-4FC0-9A2E-D60FEFCA0A8A}.Debug|x64.Build.0 = Debug|Any CPU
		{52413D61-10FA-4FC0-9A2E-D60FEFCA0A8A}.Debug|x86.ActiveCfg = Debug|Any CPU
		{52413D61-10FA-4FC0-9A2E-D60FEFCA0A8A}.Debug|x86.Build.0 = Debug|Any CPU
		{52413D61-10FA-4FC0-9A2E-D60FEFCA0A8A}.Release|Any CPU.ActiveCfg = Release|Any CPU
		{52413D61-10FA-4FC0-9A2E-D60FEFCA0A8A}.Release|Any CPU.Build.0 = Release|Any CPU
		{52413D61-10FA-4FC0-9A2E-D60FEFCA0A8A}.Release|x64.ActiveCfg = Release|Any CPU
		{52413D61-10FA-4FC0-9A2E-D60FEFCA0A8A}.Release|x64.Build.0 = Release|Any CPU
		{52413D61-10FA-4FC0-9A2E-D60FEFCA0A8A}.Release|x86.ActiveCfg = Release|Any CPU
		{52413D61-10FA-4FC0-9A2E-D60FEFCA0A8A}.Release|x86.Build.0 = Release|Any CPU
		{D0867C54-983A-4B5D-B6E9-65BDBC155393}.Debug|Any CPU.ActiveCfg = Debug|Any CPU
		{D0867C54-983A-4B5D-B6E9-65BDBC155393}.Debug|Any CPU.Build.0 = Debug|Any CPU
		{D0867C54-983A-4B5D-B6E9-65BDBC155393}.Debug|x64.ActiveCfg = Debug|Any CPU
		{D0867C54-983A-4B5D-B6E9-65BDBC155393}.Debug|x64.Build.0 = Debug|Any CPU
		{D0867C54-983A-4B5D-B6E9-65BDBC155393}.Debug|x86.ActiveCfg = Debug|Any CPU
		{D0867C54-983A-4B5D-B6E9-65BDBC155393}.Debug|x86.Build.0 = Debug|Any CPU
		{D0867C54-983A-4B5D-B6E9-65BDBC155393}.Release|Any CPU.ActiveCfg = Release|Any CPU
		{D0867C54-983A-4B5D-B6E9-65BDBC155393}.Release|Any CPU.Build.0 = Release|Any CPU
		{D0867C54-983A-4B5D-B6E9-65BDBC155393}.Release|x64.ActiveCfg = Release|Any CPU
		{D0867C54-983A-4B5D-B6E9-65BDBC155393}.Release|x64.Build.0 = Release|Any CPU
		{D0867C54-983A-4B5D-B6E9-65BDBC155393}.Release|x86.ActiveCfg = Release|Any CPU
		{D0867C54-983A-4B5D-B6E9-65BDBC155393}.Release|x86.Build.0 = Release|Any CPU
		{185FB982-0F27-4A05-89F1-8150B1B5F60C}.Debug|Any CPU.ActiveCfg = Debug|Any CPU
		{185FB982-0F27-4A05-89F1-8150B1B5F60C}.Debug|Any CPU.Build.0 = Debug|Any CPU
		{185FB982-0F27-4A05-89F1-8150B1B5F60C}.Debug|x64.ActiveCfg = Debug|Any CPU
		{185FB982-0F27-4A05-89F1-8150B1B5F60C}.Debug|x64.Build.0 = Debug|Any CPU
		{185FB982-0F27-4A05-89F1-8150B1B5F60C}.Debug|x86.ActiveCfg = Debug|Any CPU
		{185FB982-0F27-4A05-89F1-8150B1B5F60C}.Debug|x86.Build.0 = Debug|Any CPU
		{185FB982-0F27-4A05-89F1-8150B1B5F60C}.Release|Any CPU.ActiveCfg = Release|Any CPU
		{185FB982-0F27-4A05-89F1-8150B1B5F60C}.Release|Any CPU.Build.0 = Release|Any CPU
		{185FB982-0F27-4A05-89F1-8150B1B5F60C}.Release|x64.ActiveCfg = Release|Any CPU
		{185FB982-0F27-4A05-89F1-8150B1B5F60C}.Release|x64.Build.0 = Release|Any CPU
		{185FB982-0F27-4A05-89F1-8150B1B5F60C}.Release|x86.ActiveCfg = Release|Any CPU
		{185FB982-0F27-4A05-89F1-8150B1B5F60C}.Release|x86.Build.0 = Release|Any CPU
		{FAA527E5-B56A-40FD-96AD-302188BBADB7}.Debug|Any CPU.ActiveCfg = Debug|Any CPU
		{FAA527E5-B56A-40FD-96AD-302188BBADB7}.Debug|Any CPU.Build.0 = Debug|Any CPU
		{FAA527E5-B56A-40FD-96AD-302188BBADB7}.Debug|x64.ActiveCfg = Debug|Any CPU
		{FAA527E5-B56A-40FD-96AD-302188BBADB7}.Debug|x64.Build.0 = Debug|Any CPU
		{FAA527E5-B56A-40FD-96AD-302188BBADB7}.Debug|x86.ActiveCfg = Debug|Any CPU
		{FAA527E5-B56A-40FD-96AD-302188BBADB7}.Debug|x86.Build.0 = Debug|Any CPU
		{FAA527E5-B56A-40FD-96AD-302188BBADB7}.Release|Any CPU.ActiveCfg = Release|Any CPU
		{FAA527E5-B56A-40FD-96AD-302188BBADB7}.Release|Any CPU.Build.0 = Release|Any CPU
		{FAA527E5-B56A-40FD-96AD-302188BBADB7}.Release|x64.ActiveCfg = Release|Any CPU
		{FAA527E5-B56A-40FD-96AD-302188BBADB7}.Release|x64.Build.0 = Release|Any CPU
		{FAA527E5-B56A-40FD-96AD-302188BBADB7}.Release|x86.ActiveCfg = Release|Any CPU
		{FAA527E5-B56A-40FD-96AD-302188BBADB7}.Release|x86.Build.0 = Release|Any CPU
		{25F2C7FB-829A-4357-8D56-665F85DE9457}.Debug|Any CPU.ActiveCfg = Debug|Any CPU
		{25F2C7FB-829A-4357-8D56-665F85DE9457}.Debug|Any CPU.Build.0 = Debug|Any CPU
		{25F2C7FB-829A-4357-8D56-665F85DE9457}.Debug|x64.ActiveCfg = Debug|Any CPU
		{25F2C7FB-829A-4357-8D56-665F85DE9457}.Debug|x64.Build.0 = Debug|Any CPU
		{25F2C7FB-829A-4357-8D56-665F85DE9457}.Debug|x86.ActiveCfg = Debug|Any CPU
		{25F2C7FB-829A-4357-8D56-665F85DE9457}.Debug|x86.Build.0 = Debug|Any CPU
		{25F2C7FB-829A-4357-8D56-665F85DE9457}.Release|Any CPU.ActiveCfg = Release|Any CPU
		{25F2C7FB-829A-4357-8D56-665F85DE9457}.Release|Any CPU.Build.0 = Release|Any CPU
		{25F2C7FB-829A-4357-8D56-665F85DE9457}.Release|x64.ActiveCfg = Release|Any CPU
		{25F2C7FB-829A-4357-8D56-665F85DE9457}.Release|x64.Build.0 = Release|Any CPU
		{25F2C7FB-829A-4357-8D56-665F85DE9457}.Release|x86.ActiveCfg = Release|Any CPU
		{25F2C7FB-829A-4357-8D56-665F85DE9457}.Release|x86.Build.0 = Release|Any CPU
		{4C2314B1-01E6-4DD0-9153-8DE84A64EE4D}.Debug|Any CPU.ActiveCfg = Debug|Any CPU
		{4C2314B1-01E6-4DD0-9153-8DE84A64EE4D}.Debug|Any CPU.Build.0 = Debug|Any CPU
		{4C2314B1-01E6-4DD0-9153-8DE84A64EE4D}.Debug|x64.ActiveCfg = Debug|Any CPU
		{4C2314B1-01E6-4DD0-9153-8DE84A64EE4D}.Debug|x64.Build.0 = Debug|Any CPU
		{4C2314B1-01E6-4DD0-9153-8DE84A64EE4D}.Debug|x86.ActiveCfg = Debug|Any CPU
		{4C2314B1-01E6-4DD0-9153-8DE84A64EE4D}.Debug|x86.Build.0 = Debug|Any CPU
		{4C2314B1-01E6-4DD0-9153-8DE84A64EE4D}.Release|Any CPU.ActiveCfg = Release|Any CPU
		{4C2314B1-01E6-4DD0-9153-8DE84A64EE4D}.Release|Any CPU.Build.0 = Release|Any CPU
		{4C2314B1-01E6-4DD0-9153-8DE84A64EE4D}.Release|x64.ActiveCfg = Release|Any CPU
		{4C2314B1-01E6-4DD0-9153-8DE84A64EE4D}.Release|x64.Build.0 = Release|Any CPU
		{4C2314B1-01E6-4DD0-9153-8DE84A64EE4D}.Release|x86.ActiveCfg = Release|Any CPU
		{4C2314B1-01E6-4DD0-9153-8DE84A64EE4D}.Release|x86.Build.0 = Release|Any CPU
		{722D473D-028D-4530-AC02-5EEF8E7CFFAF}.Debug|Any CPU.ActiveCfg = Debug|Any CPU
		{722D473D-028D-4530-AC02-5EEF8E7CFFAF}.Debug|Any CPU.Build.0 = Debug|Any CPU
		{722D473D-028D-4530-AC02-5EEF8E7CFFAF}.Debug|x64.ActiveCfg = Debug|Any CPU
		{722D473D-028D-4530-AC02-5EEF8E7CFFAF}.Debug|x64.Build.0 = Debug|Any CPU
		{722D473D-028D-4530-AC02-5EEF8E7CFFAF}.Debug|x86.ActiveCfg = Debug|Any CPU
		{722D473D-028D-4530-AC02-5EEF8E7CFFAF}.Debug|x86.Build.0 = Debug|Any CPU
		{722D473D-028D-4530-AC02-5EEF8E7CFFAF}.Release|Any CPU.ActiveCfg = Release|Any CPU
		{722D473D-028D-4530-AC02-5EEF8E7CFFAF}.Release|Any CPU.Build.0 = Release|Any CPU
		{722D473D-028D-4530-AC02-5EEF8E7CFFAF}.Release|x64.ActiveCfg = Release|Any CPU
		{722D473D-028D-4530-AC02-5EEF8E7CFFAF}.Release|x64.Build.0 = Release|Any CPU
		{722D473D-028D-4530-AC02-5EEF8E7CFFAF}.Release|x86.ActiveCfg = Release|Any CPU
		{722D473D-028D-4530-AC02-5EEF8E7CFFAF}.Release|x86.Build.0 = Release|Any CPU
		{DC88EA71-DBE7-4D8E-B71A-B587F2AA169A}.Debug|Any CPU.ActiveCfg = Debug|Any CPU
		{DC88EA71-DBE7-4D8E-B71A-B587F2AA169A}.Debug|Any CPU.Build.0 = Debug|Any CPU
		{DC88EA71-DBE7-4D8E-B71A-B587F2AA169A}.Debug|x64.ActiveCfg = Debug|Any CPU
		{DC88EA71-DBE7-4D8E-B71A-B587F2AA169A}.Debug|x64.Build.0 = Debug|Any CPU
		{DC88EA71-DBE7-4D8E-B71A-B587F2AA169A}.Debug|x86.ActiveCfg = Debug|Any CPU
		{DC88EA71-DBE7-4D8E-B71A-B587F2AA169A}.Debug|x86.Build.0 = Debug|Any CPU
		{DC88EA71-DBE7-4D8E-B71A-B587F2AA169A}.Release|Any CPU.ActiveCfg = Release|Any CPU
		{DC88EA71-DBE7-4D8E-B71A-B587F2AA169A}.Release|Any CPU.Build.0 = Release|Any CPU
		{DC88EA71-DBE7-4D8E-B71A-B587F2AA169A}.Release|x64.ActiveCfg = Release|Any CPU
		{DC88EA71-DBE7-4D8E-B71A-B587F2AA169A}.Release|x64.Build.0 = Release|Any CPU
		{DC88EA71-DBE7-4D8E-B71A-B587F2AA169A}.Release|x86.ActiveCfg = Release|Any CPU
		{DC88EA71-DBE7-4D8E-B71A-B587F2AA169A}.Release|x86.Build.0 = Release|Any CPU
		{EF3CC64B-FB0A-430C-9833-1B054228EDAA}.Debug|Any CPU.ActiveCfg = Debug|Any CPU
		{EF3CC64B-FB0A-430C-9833-1B054228EDAA}.Debug|Any CPU.Build.0 = Debug|Any CPU
		{EF3CC64B-FB0A-430C-9833-1B054228EDAA}.Debug|x64.ActiveCfg = Debug|Any CPU
		{EF3CC64B-FB0A-430C-9833-1B054228EDAA}.Debug|x64.Build.0 = Debug|Any CPU
		{EF3CC64B-FB0A-430C-9833-1B054228EDAA}.Debug|x86.ActiveCfg = Debug|Any CPU
		{EF3CC64B-FB0A-430C-9833-1B054228EDAA}.Debug|x86.Build.0 = Debug|Any CPU
		{EF3CC64B-FB0A-430C-9833-1B054228EDAA}.Release|Any CPU.ActiveCfg = Release|Any CPU
		{EF3CC64B-FB0A-430C-9833-1B054228EDAA}.Release|Any CPU.Build.0 = Release|Any CPU
		{EF3CC64B-FB0A-430C-9833-1B054228EDAA}.Release|x64.ActiveCfg = Release|Any CPU
		{EF3CC64B-FB0A-430C-9833-1B054228EDAA}.Release|x64.Build.0 = Release|Any CPU
		{EF3CC64B-FB0A-430C-9833-1B054228EDAA}.Release|x86.ActiveCfg = Release|Any CPU
		{EF3CC64B-FB0A-430C-9833-1B054228EDAA}.Release|x86.Build.0 = Release|Any CPU
		{56796569-E022-4A18-9366-8697B764D96E}.Debug|Any CPU.ActiveCfg = Debug|Any CPU
		{56796569-E022-4A18-9366-8697B764D96E}.Debug|Any CPU.Build.0 = Debug|Any CPU
		{56796569-E022-4A18-9366-8697B764D96E}.Debug|x64.ActiveCfg = Debug|Any CPU
		{56796569-E022-4A18-9366-8697B764D96E}.Debug|x64.Build.0 = Debug|Any CPU
		{56796569-E022-4A18-9366-8697B764D96E}.Debug|x86.ActiveCfg = Debug|Any CPU
		{56796569-E022-4A18-9366-8697B764D96E}.Debug|x86.Build.0 = Debug|Any CPU
		{56796569-E022-4A18-9366-8697B764D96E}.Release|Any CPU.ActiveCfg = Release|Any CPU
		{56796569-E022-4A18-9366-8697B764D96E}.Release|Any CPU.Build.0 = Release|Any CPU
		{56796569-E022-4A18-9366-8697B764D96E}.Release|x64.ActiveCfg = Release|Any CPU
		{56796569-E022-4A18-9366-8697B764D96E}.Release|x64.Build.0 = Release|Any CPU
		{56796569-E022-4A18-9366-8697B764D96E}.Release|x86.ActiveCfg = Release|Any CPU
		{56796569-E022-4A18-9366-8697B764D96E}.Release|x86.Build.0 = Release|Any CPU
		{6DA74C26-94D8-4CA7-983D-48DE5B50847A}.Debug|Any CPU.ActiveCfg = Debug|Any CPU
		{6DA74C26-94D8-4CA7-983D-48DE5B50847A}.Debug|Any CPU.Build.0 = Debug|Any CPU
		{6DA74C26-94D8-4CA7-983D-48DE5B50847A}.Debug|x64.ActiveCfg = Debug|Any CPU
		{6DA74C26-94D8-4CA7-983D-48DE5B50847A}.Debug|x64.Build.0 = Debug|Any CPU
		{6DA74C26-94D8-4CA7-983D-48DE5B50847A}.Debug|x86.ActiveCfg = Debug|Any CPU
		{6DA74C26-94D8-4CA7-983D-48DE5B50847A}.Debug|x86.Build.0 = Debug|Any CPU
		{6DA74C26-94D8-4CA7-983D-48DE5B50847A}.Release|Any CPU.ActiveCfg = Release|Any CPU
		{6DA74C26-94D8-4CA7-983D-48DE5B50847A}.Release|Any CPU.Build.0 = Release|Any CPU
		{6DA74C26-94D8-4CA7-983D-48DE5B50847A}.Release|x64.ActiveCfg = Release|Any CPU
		{6DA74C26-94D8-4CA7-983D-48DE5B50847A}.Release|x64.Build.0 = Release|Any CPU
		{6DA74C26-94D8-4CA7-983D-48DE5B50847A}.Release|x86.ActiveCfg = Release|Any CPU
		{6DA74C26-94D8-4CA7-983D-48DE5B50847A}.Release|x86.Build.0 = Release|Any CPU
		{B45B5AD3-C96C-4BA4-B47D-BAE780B22A07}.Debug|Any CPU.ActiveCfg = Debug|Any CPU
		{B45B5AD3-C96C-4BA4-B47D-BAE780B22A07}.Debug|Any CPU.Build.0 = Debug|Any CPU
		{B45B5AD3-C96C-4BA4-B47D-BAE780B22A07}.Debug|x64.ActiveCfg = Debug|Any CPU
		{B45B5AD3-C96C-4BA4-B47D-BAE780B22A07}.Debug|x64.Build.0 = Debug|Any CPU
		{B45B5AD3-C96C-4BA4-B47D-BAE780B22A07}.Debug|x86.ActiveCfg = Debug|Any CPU
		{B45B5AD3-C96C-4BA4-B47D-BAE780B22A07}.Debug|x86.Build.0 = Debug|Any CPU
		{B45B5AD3-C96C-4BA4-B47D-BAE780B22A07}.Release|Any CPU.ActiveCfg = Release|Any CPU
		{B45B5AD3-C96C-4BA4-B47D-BAE780B22A07}.Release|Any CPU.Build.0 = Release|Any CPU
		{B45B5AD3-C96C-4BA4-B47D-BAE780B22A07}.Release|x64.ActiveCfg = Release|Any CPU
		{B45B5AD3-C96C-4BA4-B47D-BAE780B22A07}.Release|x64.Build.0 = Release|Any CPU
		{B45B5AD3-C96C-4BA4-B47D-BAE780B22A07}.Release|x86.ActiveCfg = Release|Any CPU
		{B45B5AD3-C96C-4BA4-B47D-BAE780B22A07}.Release|x86.Build.0 = Release|Any CPU
		{09F02094-1690-4A08-943E-3B1C25AAC531}.Debug|Any CPU.ActiveCfg = Debug|Any CPU
		{09F02094-1690-4A08-943E-3B1C25AAC531}.Debug|Any CPU.Build.0 = Debug|Any CPU
		{09F02094-1690-4A08-943E-3B1C25AAC531}.Debug|x64.ActiveCfg = Debug|Any CPU
		{09F02094-1690-4A08-943E-3B1C25AAC531}.Debug|x64.Build.0 = Debug|Any CPU
		{09F02094-1690-4A08-943E-3B1C25AAC531}.Debug|x86.ActiveCfg = Debug|Any CPU
		{09F02094-1690-4A08-943E-3B1C25AAC531}.Debug|x86.Build.0 = Debug|Any CPU
		{09F02094-1690-4A08-943E-3B1C25AAC531}.Release|Any CPU.ActiveCfg = Release|Any CPU
		{09F02094-1690-4A08-943E-3B1C25AAC531}.Release|Any CPU.Build.0 = Release|Any CPU
		{09F02094-1690-4A08-943E-3B1C25AAC531}.Release|x64.ActiveCfg = Release|Any CPU
		{09F02094-1690-4A08-943E-3B1C25AAC531}.Release|x64.Build.0 = Release|Any CPU
		{09F02094-1690-4A08-943E-3B1C25AAC531}.Release|x86.ActiveCfg = Release|Any CPU
		{09F02094-1690-4A08-943E-3B1C25AAC531}.Release|x86.Build.0 = Release|Any CPU
		{044C253C-0DF0-4692-9F9C-AC771B8CE5B6}.Debug|Any CPU.ActiveCfg = Debug|Any CPU
		{044C253C-0DF0-4692-9F9C-AC771B8CE5B6}.Debug|Any CPU.Build.0 = Debug|Any CPU
		{044C253C-0DF0-4692-9F9C-AC771B8CE5B6}.Debug|x64.ActiveCfg = Debug|Any CPU
		{044C253C-0DF0-4692-9F9C-AC771B8CE5B6}.Debug|x64.Build.0 = Debug|Any CPU
		{044C253C-0DF0-4692-9F9C-AC771B8CE5B6}.Debug|x86.ActiveCfg = Debug|Any CPU
		{044C253C-0DF0-4692-9F9C-AC771B8CE5B6}.Debug|x86.Build.0 = Debug|Any CPU
		{044C253C-0DF0-4692-9F9C-AC771B8CE5B6}.Release|Any CPU.ActiveCfg = Release|Any CPU
		{044C253C-0DF0-4692-9F9C-AC771B8CE5B6}.Release|Any CPU.Build.0 = Release|Any CPU
		{044C253C-0DF0-4692-9F9C-AC771B8CE5B6}.Release|x64.ActiveCfg = Release|Any CPU
		{044C253C-0DF0-4692-9F9C-AC771B8CE5B6}.Release|x64.Build.0 = Release|Any CPU
		{044C253C-0DF0-4692-9F9C-AC771B8CE5B6}.Release|x86.ActiveCfg = Release|Any CPU
		{044C253C-0DF0-4692-9F9C-AC771B8CE5B6}.Release|x86.Build.0 = Release|Any CPU
		{C89B2DD5-1C33-41A0-9DD3-53EC5EED2098}.Debug|Any CPU.ActiveCfg = Debug|Any CPU
		{C89B2DD5-1C33-41A0-9DD3-53EC5EED2098}.Debug|Any CPU.Build.0 = Debug|Any CPU
		{C89B2DD5-1C33-41A0-9DD3-53EC5EED2098}.Debug|x64.ActiveCfg = Debug|Any CPU
		{C89B2DD5-1C33-41A0-9DD3-53EC5EED2098}.Debug|x64.Build.0 = Debug|Any CPU
		{C89B2DD5-1C33-41A0-9DD3-53EC5EED2098}.Debug|x86.ActiveCfg = Debug|Any CPU
		{C89B2DD5-1C33-41A0-9DD3-53EC5EED2098}.Debug|x86.Build.0 = Debug|Any CPU
		{C89B2DD5-1C33-41A0-9DD3-53EC5EED2098}.Release|Any CPU.ActiveCfg = Release|Any CPU
		{C89B2DD5-1C33-41A0-9DD3-53EC5EED2098}.Release|Any CPU.Build.0 = Release|Any CPU
		{C89B2DD5-1C33-41A0-9DD3-53EC5EED2098}.Release|x64.ActiveCfg = Release|Any CPU
		{C89B2DD5-1C33-41A0-9DD3-53EC5EED2098}.Release|x64.Build.0 = Release|Any CPU
		{C89B2DD5-1C33-41A0-9DD3-53EC5EED2098}.Release|x86.ActiveCfg = Release|Any CPU
		{C89B2DD5-1C33-41A0-9DD3-53EC5EED2098}.Release|x86.Build.0 = Release|Any CPU
		{26839BE5-E7C6-49DD-8217-F2B86F3BF112}.Debug|Any CPU.ActiveCfg = Debug|Any CPU
		{26839BE5-E7C6-49DD-8217-F2B86F3BF112}.Debug|Any CPU.Build.0 = Debug|Any CPU
		{26839BE5-E7C6-49DD-8217-F2B86F3BF112}.Debug|x64.ActiveCfg = Debug|Any CPU
		{26839BE5-E7C6-49DD-8217-F2B86F3BF112}.Debug|x64.Build.0 = Debug|Any CPU
		{26839BE5-E7C6-49DD-8217-F2B86F3BF112}.Debug|x86.ActiveCfg = Debug|Any CPU
		{26839BE5-E7C6-49DD-8217-F2B86F3BF112}.Debug|x86.Build.0 = Debug|Any CPU
		{26839BE5-E7C6-49DD-8217-F2B86F3BF112}.Release|Any CPU.ActiveCfg = Release|Any CPU
		{26839BE5-E7C6-49DD-8217-F2B86F3BF112}.Release|Any CPU.Build.0 = Release|Any CPU
		{26839BE5-E7C6-49DD-8217-F2B86F3BF112}.Release|x64.ActiveCfg = Release|Any CPU
		{26839BE5-E7C6-49DD-8217-F2B86F3BF112}.Release|x64.Build.0 = Release|Any CPU
		{26839BE5-E7C6-49DD-8217-F2B86F3BF112}.Release|x86.ActiveCfg = Release|Any CPU
		{26839BE5-E7C6-49DD-8217-F2B86F3BF112}.Release|x86.Build.0 = Release|Any CPU
		{651EE331-C358-4C45-ADEC-60912FF9AB1F}.Debug|Any CPU.ActiveCfg = Debug|Any CPU
		{651EE331-C358-4C45-ADEC-60912FF9AB1F}.Debug|Any CPU.Build.0 = Debug|Any CPU
		{651EE331-C358-4C45-ADEC-60912FF9AB1F}.Debug|x64.ActiveCfg = Debug|Any CPU
		{651EE331-C358-4C45-ADEC-60912FF9AB1F}.Debug|x64.Build.0 = Debug|Any CPU
		{651EE331-C358-4C45-ADEC-60912FF9AB1F}.Debug|x86.ActiveCfg = Debug|Any CPU
		{651EE331-C358-4C45-ADEC-60912FF9AB1F}.Debug|x86.Build.0 = Debug|Any CPU
		{651EE331-C358-4C45-ADEC-60912FF9AB1F}.Release|Any CPU.ActiveCfg = Release|Any CPU
		{651EE331-C358-4C45-ADEC-60912FF9AB1F}.Release|Any CPU.Build.0 = Release|Any CPU
		{651EE331-C358-4C45-ADEC-60912FF9AB1F}.Release|x64.ActiveCfg = Release|Any CPU
		{651EE331-C358-4C45-ADEC-60912FF9AB1F}.Release|x64.Build.0 = Release|Any CPU
		{651EE331-C358-4C45-ADEC-60912FF9AB1F}.Release|x86.ActiveCfg = Release|Any CPU
		{651EE331-C358-4C45-ADEC-60912FF9AB1F}.Release|x86.Build.0 = Release|Any CPU
		{871FADF5-6111-4D50-9538-7FCBC6E40566}.Debug|Any CPU.ActiveCfg = Debug|Any CPU
		{871FADF5-6111-4D50-9538-7FCBC6E40566}.Debug|Any CPU.Build.0 = Debug|Any CPU
		{871FADF5-6111-4D50-9538-7FCBC6E40566}.Debug|x64.ActiveCfg = Debug|Any CPU
		{871FADF5-6111-4D50-9538-7FCBC6E40566}.Debug|x64.Build.0 = Debug|Any CPU
		{871FADF5-6111-4D50-9538-7FCBC6E40566}.Debug|x86.ActiveCfg = Debug|Any CPU
		{871FADF5-6111-4D50-9538-7FCBC6E40566}.Debug|x86.Build.0 = Debug|Any CPU
		{871FADF5-6111-4D50-9538-7FCBC6E40566}.Release|Any CPU.ActiveCfg = Release|Any CPU
		{871FADF5-6111-4D50-9538-7FCBC6E40566}.Release|Any CPU.Build.0 = Release|Any CPU
		{871FADF5-6111-4D50-9538-7FCBC6E40566}.Release|x64.ActiveCfg = Release|Any CPU
		{871FADF5-6111-4D50-9538-7FCBC6E40566}.Release|x64.Build.0 = Release|Any CPU
		{871FADF5-6111-4D50-9538-7FCBC6E40566}.Release|x86.ActiveCfg = Release|Any CPU
		{871FADF5-6111-4D50-9538-7FCBC6E40566}.Release|x86.Build.0 = Release|Any CPU
		{B8F54F0A-F5A8-4276-ADEF-01532C732545}.Debug|Any CPU.ActiveCfg = Debug|Any CPU
		{B8F54F0A-F5A8-4276-ADEF-01532C732545}.Debug|Any CPU.Build.0 = Debug|Any CPU
		{B8F54F0A-F5A8-4276-ADEF-01532C732545}.Debug|x64.ActiveCfg = Debug|Any CPU
		{B8F54F0A-F5A8-4276-ADEF-01532C732545}.Debug|x64.Build.0 = Debug|Any CPU
		{B8F54F0A-F5A8-4276-ADEF-01532C732545}.Debug|x86.ActiveCfg = Debug|Any CPU
		{B8F54F0A-F5A8-4276-ADEF-01532C732545}.Debug|x86.Build.0 = Debug|Any CPU
		{B8F54F0A-F5A8-4276-ADEF-01532C732545}.Release|Any CPU.ActiveCfg = Release|Any CPU
		{B8F54F0A-F5A8-4276-ADEF-01532C732545}.Release|Any CPU.Build.0 = Release|Any CPU
		{B8F54F0A-F5A8-4276-ADEF-01532C732545}.Release|x64.ActiveCfg = Release|Any CPU
		{B8F54F0A-F5A8-4276-ADEF-01532C732545}.Release|x64.Build.0 = Release|Any CPU
		{B8F54F0A-F5A8-4276-ADEF-01532C732545}.Release|x86.ActiveCfg = Release|Any CPU
		{B8F54F0A-F5A8-4276-ADEF-01532C732545}.Release|x86.Build.0 = Release|Any CPU
		{2383BDFD-BDB7-464D-A548-05021D111AFB}.Debug|Any CPU.ActiveCfg = Debug|Any CPU
		{2383BDFD-BDB7-464D-A548-05021D111AFB}.Debug|Any CPU.Build.0 = Debug|Any CPU
		{2383BDFD-BDB7-464D-A548-05021D111AFB}.Debug|x64.ActiveCfg = Debug|Any CPU
		{2383BDFD-BDB7-464D-A548-05021D111AFB}.Debug|x64.Build.0 = Debug|Any CPU
		{2383BDFD-BDB7-464D-A548-05021D111AFB}.Debug|x86.ActiveCfg = Debug|Any CPU
		{2383BDFD-BDB7-464D-A548-05021D111AFB}.Debug|x86.Build.0 = Debug|Any CPU
		{2383BDFD-BDB7-464D-A548-05021D111AFB}.Release|Any CPU.ActiveCfg = Release|Any CPU
		{2383BDFD-BDB7-464D-A548-05021D111AFB}.Release|Any CPU.Build.0 = Release|Any CPU
		{2383BDFD-BDB7-464D-A548-05021D111AFB}.Release|x64.ActiveCfg = Release|Any CPU
		{2383BDFD-BDB7-464D-A548-05021D111AFB}.Release|x64.Build.0 = Release|Any CPU
		{2383BDFD-BDB7-464D-A548-05021D111AFB}.Release|x86.ActiveCfg = Release|Any CPU
		{2383BDFD-BDB7-464D-A548-05021D111AFB}.Release|x86.Build.0 = Release|Any CPU
		{86FAAC25-B820-490D-857D-85F413A2D927}.Debug|Any CPU.ActiveCfg = Debug|Any CPU
		{86FAAC25-B820-490D-857D-85F413A2D927}.Debug|Any CPU.Build.0 = Debug|Any CPU
		{86FAAC25-B820-490D-857D-85F413A2D927}.Debug|x64.ActiveCfg = Debug|Any CPU
		{86FAAC25-B820-490D-857D-85F413A2D927}.Debug|x64.Build.0 = Debug|Any CPU
		{86FAAC25-B820-490D-857D-85F413A2D927}.Debug|x86.ActiveCfg = Debug|Any CPU
		{86FAAC25-B820-490D-857D-85F413A2D927}.Debug|x86.Build.0 = Debug|Any CPU
		{86FAAC25-B820-490D-857D-85F413A2D927}.Release|Any CPU.ActiveCfg = Release|Any CPU
		{86FAAC25-B820-490D-857D-85F413A2D927}.Release|Any CPU.Build.0 = Release|Any CPU
		{86FAAC25-B820-490D-857D-85F413A2D927}.Release|x64.ActiveCfg = Release|Any CPU
		{86FAAC25-B820-490D-857D-85F413A2D927}.Release|x64.Build.0 = Release|Any CPU
		{86FAAC25-B820-490D-857D-85F413A2D927}.Release|x86.ActiveCfg = Release|Any CPU
		{86FAAC25-B820-490D-857D-85F413A2D927}.Release|x86.Build.0 = Release|Any CPU
		{4B9E4254-7F89-423D-A5A7-50BF98E39B32}.Debug|Any CPU.ActiveCfg = Debug|Any CPU
		{4B9E4254-7F89-423D-A5A7-50BF98E39B32}.Debug|Any CPU.Build.0 = Debug|Any CPU
		{4B9E4254-7F89-423D-A5A7-50BF98E39B32}.Debug|x64.ActiveCfg = Debug|Any CPU
		{4B9E4254-7F89-423D-A5A7-50BF98E39B32}.Debug|x64.Build.0 = Debug|Any CPU
		{4B9E4254-7F89-423D-A5A7-50BF98E39B32}.Debug|x86.ActiveCfg = Debug|Any CPU
		{4B9E4254-7F89-423D-A5A7-50BF98E39B32}.Debug|x86.Build.0 = Debug|Any CPU
		{4B9E4254-7F89-423D-A5A7-50BF98E39B32}.Release|Any CPU.ActiveCfg = Release|Any CPU
		{4B9E4254-7F89-423D-A5A7-50BF98E39B32}.Release|Any CPU.Build.0 = Release|Any CPU
		{4B9E4254-7F89-423D-A5A7-50BF98E39B32}.Release|x64.ActiveCfg = Release|Any CPU
		{4B9E4254-7F89-423D-A5A7-50BF98E39B32}.Release|x64.Build.0 = Release|Any CPU
		{4B9E4254-7F89-423D-A5A7-50BF98E39B32}.Release|x86.ActiveCfg = Release|Any CPU
		{4B9E4254-7F89-423D-A5A7-50BF98E39B32}.Release|x86.Build.0 = Release|Any CPU
		{5156351E-2A02-4CE5-9C1C-979BB5E56BAD}.Debug|Any CPU.ActiveCfg = Debug|Any CPU
		{5156351E-2A02-4CE5-9C1C-979BB5E56BAD}.Debug|Any CPU.Build.0 = Debug|Any CPU
		{5156351E-2A02-4CE5-9C1C-979BB5E56BAD}.Debug|x64.ActiveCfg = Debug|Any CPU
		{5156351E-2A02-4CE5-9C1C-979BB5E56BAD}.Debug|x64.Build.0 = Debug|Any CPU
		{5156351E-2A02-4CE5-9C1C-979BB5E56BAD}.Debug|x86.ActiveCfg = Debug|Any CPU
		{5156351E-2A02-4CE5-9C1C-979BB5E56BAD}.Debug|x86.Build.0 = Debug|Any CPU
		{5156351E-2A02-4CE5-9C1C-979BB5E56BAD}.Release|Any CPU.ActiveCfg = Release|Any CPU
		{5156351E-2A02-4CE5-9C1C-979BB5E56BAD}.Release|Any CPU.Build.0 = Release|Any CPU
		{5156351E-2A02-4CE5-9C1C-979BB5E56BAD}.Release|x64.ActiveCfg = Release|Any CPU
		{5156351E-2A02-4CE5-9C1C-979BB5E56BAD}.Release|x64.Build.0 = Release|Any CPU
		{5156351E-2A02-4CE5-9C1C-979BB5E56BAD}.Release|x86.ActiveCfg = Release|Any CPU
		{5156351E-2A02-4CE5-9C1C-979BB5E56BAD}.Release|x86.Build.0 = Release|Any CPU
		{708296C8-C5F2-4908-9ED1-462CAC289660}.Debug|Any CPU.ActiveCfg = Debug|Any CPU
		{708296C8-C5F2-4908-9ED1-462CAC289660}.Debug|Any CPU.Build.0 = Debug|Any CPU
		{708296C8-C5F2-4908-9ED1-462CAC289660}.Debug|x64.ActiveCfg = Debug|Any CPU
		{708296C8-C5F2-4908-9ED1-462CAC289660}.Debug|x64.Build.0 = Debug|Any CPU
		{708296C8-C5F2-4908-9ED1-462CAC289660}.Debug|x86.ActiveCfg = Debug|Any CPU
		{708296C8-C5F2-4908-9ED1-462CAC289660}.Debug|x86.Build.0 = Debug|Any CPU
		{708296C8-C5F2-4908-9ED1-462CAC289660}.Release|Any CPU.ActiveCfg = Release|Any CPU
		{708296C8-C5F2-4908-9ED1-462CAC289660}.Release|Any CPU.Build.0 = Release|Any CPU
		{708296C8-C5F2-4908-9ED1-462CAC289660}.Release|x64.ActiveCfg = Release|Any CPU
		{708296C8-C5F2-4908-9ED1-462CAC289660}.Release|x64.Build.0 = Release|Any CPU
		{708296C8-C5F2-4908-9ED1-462CAC289660}.Release|x86.ActiveCfg = Release|Any CPU
		{708296C8-C5F2-4908-9ED1-462CAC289660}.Release|x86.Build.0 = Release|Any CPU
		{6D95F970-9746-44D7-BD9D-2B5E327C7D00}.Debug|Any CPU.ActiveCfg = Debug|Any CPU
		{6D95F970-9746-44D7-BD9D-2B5E327C7D00}.Debug|Any CPU.Build.0 = Debug|Any CPU
		{6D95F970-9746-44D7-BD9D-2B5E327C7D00}.Debug|x64.ActiveCfg = Debug|Any CPU
		{6D95F970-9746-44D7-BD9D-2B5E327C7D00}.Debug|x64.Build.0 = Debug|Any CPU
		{6D95F970-9746-44D7-BD9D-2B5E327C7D00}.Debug|x86.ActiveCfg = Debug|Any CPU
		{6D95F970-9746-44D7-BD9D-2B5E327C7D00}.Debug|x86.Build.0 = Debug|Any CPU
		{6D95F970-9746-44D7-BD9D-2B5E327C7D00}.Release|Any CPU.ActiveCfg = Release|Any CPU
		{6D95F970-9746-44D7-BD9D-2B5E327C7D00}.Release|Any CPU.Build.0 = Release|Any CPU
		{6D95F970-9746-44D7-BD9D-2B5E327C7D00}.Release|x64.ActiveCfg = Release|Any CPU
		{6D95F970-9746-44D7-BD9D-2B5E327C7D00}.Release|x64.Build.0 = Release|Any CPU
		{6D95F970-9746-44D7-BD9D-2B5E327C7D00}.Release|x86.ActiveCfg = Release|Any CPU
		{6D95F970-9746-44D7-BD9D-2B5E327C7D00}.Release|x86.Build.0 = Release|Any CPU
		{22B09CD1-A3B3-489F-9257-C0C4286529F7}.Debug|Any CPU.ActiveCfg = Debug|Any CPU
		{22B09CD1-A3B3-489F-9257-C0C4286529F7}.Debug|Any CPU.Build.0 = Debug|Any CPU
		{22B09CD1-A3B3-489F-9257-C0C4286529F7}.Debug|x64.ActiveCfg = Debug|Any CPU
		{22B09CD1-A3B3-489F-9257-C0C4286529F7}.Debug|x64.Build.0 = Debug|Any CPU
		{22B09CD1-A3B3-489F-9257-C0C4286529F7}.Debug|x86.ActiveCfg = Debug|Any CPU
		{22B09CD1-A3B3-489F-9257-C0C4286529F7}.Debug|x86.Build.0 = Debug|Any CPU
		{22B09CD1-A3B3-489F-9257-C0C4286529F7}.Release|Any CPU.ActiveCfg = Release|Any CPU
		{22B09CD1-A3B3-489F-9257-C0C4286529F7}.Release|Any CPU.Build.0 = Release|Any CPU
		{22B09CD1-A3B3-489F-9257-C0C4286529F7}.Release|x64.ActiveCfg = Release|Any CPU
		{22B09CD1-A3B3-489F-9257-C0C4286529F7}.Release|x64.Build.0 = Release|Any CPU
		{22B09CD1-A3B3-489F-9257-C0C4286529F7}.Release|x86.ActiveCfg = Release|Any CPU
		{22B09CD1-A3B3-489F-9257-C0C4286529F7}.Release|x86.Build.0 = Release|Any CPU
		{1E319C13-0424-4732-B8DD-545AA0729360}.Debug|Any CPU.ActiveCfg = Debug|Any CPU
		{1E319C13-0424-4732-B8DD-545AA0729360}.Debug|Any CPU.Build.0 = Debug|Any CPU
		{1E319C13-0424-4732-B8DD-545AA0729360}.Debug|x64.ActiveCfg = Debug|Any CPU
		{1E319C13-0424-4732-B8DD-545AA0729360}.Debug|x64.Build.0 = Debug|Any CPU
		{1E319C13-0424-4732-B8DD-545AA0729360}.Debug|x86.ActiveCfg = Debug|Any CPU
		{1E319C13-0424-4732-B8DD-545AA0729360}.Debug|x86.Build.0 = Debug|Any CPU
		{1E319C13-0424-4732-B8DD-545AA0729360}.Release|Any CPU.ActiveCfg = Release|Any CPU
		{1E319C13-0424-4732-B8DD-545AA0729360}.Release|Any CPU.Build.0 = Release|Any CPU
		{1E319C13-0424-4732-B8DD-545AA0729360}.Release|x64.ActiveCfg = Release|Any CPU
		{1E319C13-0424-4732-B8DD-545AA0729360}.Release|x64.Build.0 = Release|Any CPU
		{1E319C13-0424-4732-B8DD-545AA0729360}.Release|x86.ActiveCfg = Release|Any CPU
		{1E319C13-0424-4732-B8DD-545AA0729360}.Release|x86.Build.0 = Release|Any CPU
		{5FB982CC-A842-49D8-ABC7-A4AAA4D4FC82}.Debug|Any CPU.ActiveCfg = Debug|Any CPU
		{5FB982CC-A842-49D8-ABC7-A4AAA4D4FC82}.Debug|Any CPU.Build.0 = Debug|Any CPU
		{5FB982CC-A842-49D8-ABC7-A4AAA4D4FC82}.Debug|x64.ActiveCfg = Debug|Any CPU
		{5FB982CC-A842-49D8-ABC7-A4AAA4D4FC82}.Debug|x64.Build.0 = Debug|Any CPU
		{5FB982CC-A842-49D8-ABC7-A4AAA4D4FC82}.Debug|x86.ActiveCfg = Debug|Any CPU
		{5FB982CC-A842-49D8-ABC7-A4AAA4D4FC82}.Debug|x86.Build.0 = Debug|Any CPU
		{5FB982CC-A842-49D8-ABC7-A4AAA4D4FC82}.Release|Any CPU.ActiveCfg = Release|Any CPU
		{5FB982CC-A842-49D8-ABC7-A4AAA4D4FC82}.Release|Any CPU.Build.0 = Release|Any CPU
		{5FB982CC-A842-49D8-ABC7-A4AAA4D4FC82}.Release|x64.ActiveCfg = Release|Any CPU
		{5FB982CC-A842-49D8-ABC7-A4AAA4D4FC82}.Release|x64.Build.0 = Release|Any CPU
		{5FB982CC-A842-49D8-ABC7-A4AAA4D4FC82}.Release|x86.ActiveCfg = Release|Any CPU
		{5FB982CC-A842-49D8-ABC7-A4AAA4D4FC82}.Release|x86.Build.0 = Release|Any CPU
		{F7FE8128-63CE-4D0D-8D98-7431D62E9AF3}.Debug|Any CPU.ActiveCfg = Debug|Any CPU
		{F7FE8128-63CE-4D0D-8D98-7431D62E9AF3}.Debug|Any CPU.Build.0 = Debug|Any CPU
		{F7FE8128-63CE-4D0D-8D98-7431D62E9AF3}.Debug|x64.ActiveCfg = Debug|Any CPU
		{F7FE8128-63CE-4D0D-8D98-7431D62E9AF3}.Debug|x64.Build.0 = Debug|Any CPU
		{F7FE8128-63CE-4D0D-8D98-7431D62E9AF3}.Debug|x86.ActiveCfg = Debug|Any CPU
		{F7FE8128-63CE-4D0D-8D98-7431D62E9AF3}.Debug|x86.Build.0 = Debug|Any CPU
		{F7FE8128-63CE-4D0D-8D98-7431D62E9AF3}.Release|Any CPU.ActiveCfg = Release|Any CPU
		{F7FE8128-63CE-4D0D-8D98-7431D62E9AF3}.Release|Any CPU.Build.0 = Release|Any CPU
		{F7FE8128-63CE-4D0D-8D98-7431D62E9AF3}.Release|x64.ActiveCfg = Release|Any CPU
		{F7FE8128-63CE-4D0D-8D98-7431D62E9AF3}.Release|x64.Build.0 = Release|Any CPU
		{F7FE8128-63CE-4D0D-8D98-7431D62E9AF3}.Release|x86.ActiveCfg = Release|Any CPU
		{F7FE8128-63CE-4D0D-8D98-7431D62E9AF3}.Release|x86.Build.0 = Release|Any CPU
		{65609A27-4C95-4AC5-B8FF-553744F14711}.Debug|Any CPU.ActiveCfg = Debug|Any CPU
		{65609A27-4C95-4AC5-B8FF-553744F14711}.Debug|Any CPU.Build.0 = Debug|Any CPU
		{65609A27-4C95-4AC5-B8FF-553744F14711}.Debug|x64.ActiveCfg = Debug|Any CPU
		{65609A27-4C95-4AC5-B8FF-553744F14711}.Debug|x64.Build.0 = Debug|Any CPU
		{65609A27-4C95-4AC5-B8FF-553744F14711}.Debug|x86.ActiveCfg = Debug|Any CPU
		{65609A27-4C95-4AC5-B8FF-553744F14711}.Debug|x86.Build.0 = Debug|Any CPU
		{65609A27-4C95-4AC5-B8FF-553744F14711}.Release|Any CPU.ActiveCfg = Release|Any CPU
		{65609A27-4C95-4AC5-B8FF-553744F14711}.Release|Any CPU.Build.0 = Release|Any CPU
		{65609A27-4C95-4AC5-B8FF-553744F14711}.Release|x64.ActiveCfg = Release|Any CPU
		{65609A27-4C95-4AC5-B8FF-553744F14711}.Release|x64.Build.0 = Release|Any CPU
		{65609A27-4C95-4AC5-B8FF-553744F14711}.Release|x86.ActiveCfg = Release|Any CPU
		{65609A27-4C95-4AC5-B8FF-553744F14711}.Release|x86.Build.0 = Release|Any CPU
		{B9A0488A-002A-4260-B9FD-4743FB48433A}.Debug|Any CPU.ActiveCfg = Debug|Any CPU
		{B9A0488A-002A-4260-B9FD-4743FB48433A}.Debug|Any CPU.Build.0 = Debug|Any CPU
		{B9A0488A-002A-4260-B9FD-4743FB48433A}.Debug|x64.ActiveCfg = Debug|Any CPU
		{B9A0488A-002A-4260-B9FD-4743FB48433A}.Debug|x64.Build.0 = Debug|Any CPU
		{B9A0488A-002A-4260-B9FD-4743FB48433A}.Debug|x86.ActiveCfg = Debug|Any CPU
		{B9A0488A-002A-4260-B9FD-4743FB48433A}.Debug|x86.Build.0 = Debug|Any CPU
		{B9A0488A-002A-4260-B9FD-4743FB48433A}.Release|Any CPU.ActiveCfg = Release|Any CPU
		{B9A0488A-002A-4260-B9FD-4743FB48433A}.Release|Any CPU.Build.0 = Release|Any CPU
		{B9A0488A-002A-4260-B9FD-4743FB48433A}.Release|x64.ActiveCfg = Release|Any CPU
		{B9A0488A-002A-4260-B9FD-4743FB48433A}.Release|x64.Build.0 = Release|Any CPU
		{B9A0488A-002A-4260-B9FD-4743FB48433A}.Release|x86.ActiveCfg = Release|Any CPU
		{B9A0488A-002A-4260-B9FD-4743FB48433A}.Release|x86.Build.0 = Release|Any CPU
		{FF81B1E6-1D7A-4EAA-8215-A6D0F6820990}.Debug|Any CPU.ActiveCfg = Debug|Any CPU
		{FF81B1E6-1D7A-4EAA-8215-A6D0F6820990}.Debug|Any CPU.Build.0 = Debug|Any CPU
		{FF81B1E6-1D7A-4EAA-8215-A6D0F6820990}.Debug|x64.ActiveCfg = Debug|Any CPU
		{FF81B1E6-1D7A-4EAA-8215-A6D0F6820990}.Debug|x64.Build.0 = Debug|Any CPU
		{FF81B1E6-1D7A-4EAA-8215-A6D0F6820990}.Debug|x86.ActiveCfg = Debug|Any CPU
		{FF81B1E6-1D7A-4EAA-8215-A6D0F6820990}.Debug|x86.Build.0 = Debug|Any CPU
		{FF81B1E6-1D7A-4EAA-8215-A6D0F6820990}.Release|Any CPU.ActiveCfg = Release|Any CPU
		{FF81B1E6-1D7A-4EAA-8215-A6D0F6820990}.Release|Any CPU.Build.0 = Release|Any CPU
		{FF81B1E6-1D7A-4EAA-8215-A6D0F6820990}.Release|x64.ActiveCfg = Release|Any CPU
		{FF81B1E6-1D7A-4EAA-8215-A6D0F6820990}.Release|x64.Build.0 = Release|Any CPU
		{FF81B1E6-1D7A-4EAA-8215-A6D0F6820990}.Release|x86.ActiveCfg = Release|Any CPU
		{FF81B1E6-1D7A-4EAA-8215-A6D0F6820990}.Release|x86.Build.0 = Release|Any CPU
		{E7AF14FD-9E06-4CDD-8FCC-647C40B75F81}.Debug|Any CPU.ActiveCfg = Debug|Any CPU
		{E7AF14FD-9E06-4CDD-8FCC-647C40B75F81}.Debug|Any CPU.Build.0 = Debug|Any CPU
		{E7AF14FD-9E06-4CDD-8FCC-647C40B75F81}.Debug|x64.ActiveCfg = Debug|Any CPU
		{E7AF14FD-9E06-4CDD-8FCC-647C40B75F81}.Debug|x64.Build.0 = Debug|Any CPU
		{E7AF14FD-9E06-4CDD-8FCC-647C40B75F81}.Debug|x86.ActiveCfg = Debug|Any CPU
		{E7AF14FD-9E06-4CDD-8FCC-647C40B75F81}.Debug|x86.Build.0 = Debug|Any CPU
		{E7AF14FD-9E06-4CDD-8FCC-647C40B75F81}.Release|Any CPU.ActiveCfg = Release|Any CPU
		{E7AF14FD-9E06-4CDD-8FCC-647C40B75F81}.Release|Any CPU.Build.0 = Release|Any CPU
		{E7AF14FD-9E06-4CDD-8FCC-647C40B75F81}.Release|x64.ActiveCfg = Release|Any CPU
		{E7AF14FD-9E06-4CDD-8FCC-647C40B75F81}.Release|x64.Build.0 = Release|Any CPU
		{E7AF14FD-9E06-4CDD-8FCC-647C40B75F81}.Release|x86.ActiveCfg = Release|Any CPU
		{E7AF14FD-9E06-4CDD-8FCC-647C40B75F81}.Release|x86.Build.0 = Release|Any CPU
		{8222F5B1-A29A-4EFD-AD0E-3A4E13D5B57A}.Debug|Any CPU.ActiveCfg = Debug|Any CPU
		{8222F5B1-A29A-4EFD-AD0E-3A4E13D5B57A}.Debug|Any CPU.Build.0 = Debug|Any CPU
		{8222F5B1-A29A-4EFD-AD0E-3A4E13D5B57A}.Debug|x64.ActiveCfg = Debug|Any CPU
		{8222F5B1-A29A-4EFD-AD0E-3A4E13D5B57A}.Debug|x64.Build.0 = Debug|Any CPU
		{8222F5B1-A29A-4EFD-AD0E-3A4E13D5B57A}.Debug|x86.ActiveCfg = Debug|Any CPU
		{8222F5B1-A29A-4EFD-AD0E-3A4E13D5B57A}.Debug|x86.Build.0 = Debug|Any CPU
		{8222F5B1-A29A-4EFD-AD0E-3A4E13D5B57A}.Release|Any CPU.ActiveCfg = Release|Any CPU
		{8222F5B1-A29A-4EFD-AD0E-3A4E13D5B57A}.Release|Any CPU.Build.0 = Release|Any CPU
		{8222F5B1-A29A-4EFD-AD0E-3A4E13D5B57A}.Release|x64.ActiveCfg = Release|Any CPU
		{8222F5B1-A29A-4EFD-AD0E-3A4E13D5B57A}.Release|x64.Build.0 = Release|Any CPU
		{8222F5B1-A29A-4EFD-AD0E-3A4E13D5B57A}.Release|x86.ActiveCfg = Release|Any CPU
		{8222F5B1-A29A-4EFD-AD0E-3A4E13D5B57A}.Release|x86.Build.0 = Release|Any CPU
	EndGlobalSection
	GlobalSection(SolutionProperties) = preSolution
		HideSolutionNode = FALSE
	EndGlobalSection
	GlobalSection(NestedProjects) = preSolution
		{C8E42992-5E42-0C2B-DBFE-AA848D06431C} = {827E0CD3-B72D-47B6-A68D-7590B98EB39B}
		{6BBA3CA7-476A-47CB-A62F-254F63649D18} = {C8E42992-5E42-0C2B-DBFE-AA848D06431C}
		{5B59C997-8759-46B1-8856-9E879F96FE83} = {C8E42992-5E42-0C2B-DBFE-AA848D06431C}
		{E0F324EB-ED18-474E-886D-2D097BACB9C1} = {C8E42992-5E42-0C2B-DBFE-AA848D06431C}
		{984BB9B3-3FA3-BE33-9484-CAC21695A33C} = {827E0CD3-B72D-47B6-A68D-7590B98EB39B}
		{473EF3C4-73FA-6715-AA3C-7C7929374EED} = {984BB9B3-3FA3-BE33-9484-CAC21695A33C}
		{E30084CA-602C-444B-B57E-8ADBCAF70D5F} = {473EF3C4-73FA-6715-AA3C-7C7929374EED}
		{374CED38-7421-B0F7-DFE2-3AF3B9F49E7C} = {984BB9B3-3FA3-BE33-9484-CAC21695A33C}
		{52413D61-10FA-4FC0-9A2E-D60FEFCA0A8A} = {374CED38-7421-B0F7-DFE2-3AF3B9F49E7C}
		{D69A2EC9-F8AB-4291-6ADF-DC34E82A5420} = {984BB9B3-3FA3-BE33-9484-CAC21695A33C}
		{D0867C54-983A-4B5D-B6E9-65BDBC155393} = {D69A2EC9-F8AB-4291-6ADF-DC34E82A5420}
		{185FB982-0F27-4A05-89F1-8150B1B5F60C} = {374CED38-7421-B0F7-DFE2-3AF3B9F49E7C}
		{FAA527E5-B56A-40FD-96AD-302188BBADB7} = {D69A2EC9-F8AB-4291-6ADF-DC34E82A5420}
		{25F2C7FB-829A-4357-8D56-665F85DE9457} = {374CED38-7421-B0F7-DFE2-3AF3B9F49E7C}
		{4C2314B1-01E6-4DD0-9153-8DE84A64EE4D} = {374CED38-7421-B0F7-DFE2-3AF3B9F49E7C}
		{722D473D-028D-4530-AC02-5EEF8E7CFFAF} = {D69A2EC9-F8AB-4291-6ADF-DC34E82A5420}
		{DC88EA71-DBE7-4D8E-B71A-B587F2AA169A} = {D69A2EC9-F8AB-4291-6ADF-DC34E82A5420}
		{CBE535C5-B51A-60E9-4D99-AC1BFAA908A1} = {827E0CD3-B72D-47B6-A68D-7590B98EB39B}
		{EF3CC64B-FB0A-430C-9833-1B054228EDAA} = {CBE535C5-B51A-60E9-4D99-AC1BFAA908A1}
		{83346A78-8B00-CE0E-19A0-2626A161E1C7} = {984BB9B3-3FA3-BE33-9484-CAC21695A33C}
		{56796569-E022-4A18-9366-8697B764D96E} = {83346A78-8B00-CE0E-19A0-2626A161E1C7}
		{6DA74C26-94D8-4CA7-983D-48DE5B50847A} = {83346A78-8B00-CE0E-19A0-2626A161E1C7}
		{B45B5AD3-C96C-4BA4-B47D-BAE780B22A07} = {83346A78-8B00-CE0E-19A0-2626A161E1C7}
		{09F02094-1690-4A08-943E-3B1C25AAC531} = {83346A78-8B00-CE0E-19A0-2626A161E1C7}
		{C5FBE174-8E0F-F5A3-B929-8BD0C55C0A32} = {984BB9B3-3FA3-BE33-9484-CAC21695A33C}
		{044C253C-0DF0-4692-9F9C-AC771B8CE5B6} = {C5FBE174-8E0F-F5A3-B929-8BD0C55C0A32}
		{C89B2DD5-1C33-41A0-9DD3-53EC5EED2098} = {C5FBE174-8E0F-F5A3-B929-8BD0C55C0A32}
		{26839BE5-E7C6-49DD-8217-F2B86F3BF112} = {C5FBE174-8E0F-F5A3-B929-8BD0C55C0A32}
		{651EE331-C358-4C45-ADEC-60912FF9AB1F} = {C5FBE174-8E0F-F5A3-B929-8BD0C55C0A32}
		{BB77F832-879F-00F9-E108-00944EDB87D8} = {984BB9B3-3FA3-BE33-9484-CAC21695A33C}
		{871FADF5-6111-4D50-9538-7FCBC6E40566} = {BB77F832-879F-00F9-E108-00944EDB87D8}
		{B8F54F0A-F5A8-4276-ADEF-01532C732545} = {BB77F832-879F-00F9-E108-00944EDB87D8}
		{2383BDFD-BDB7-464D-A548-05021D111AFB} = {BB77F832-879F-00F9-E108-00944EDB87D8}
		{86FAAC25-B820-490D-857D-85F413A2D927} = {BB77F832-879F-00F9-E108-00944EDB87D8}
		{A87B60BB-9197-0D74-699B-A61BF49232C6} = {984BB9B3-3FA3-BE33-9484-CAC21695A33C}
		{4B9E4254-7F89-423D-A5A7-50BF98E39B32} = {A87B60BB-9197-0D74-699B-A61BF49232C6}
		{5156351E-2A02-4CE5-9C1C-979BB5E56BAD} = {A87B60BB-9197-0D74-699B-A61BF49232C6}
		{708296C8-C5F2-4908-9ED1-462CAC289660} = {A87B60BB-9197-0D74-699B-A61BF49232C6}
		{6D95F970-9746-44D7-BD9D-2B5E327C7D00} = {A87B60BB-9197-0D74-699B-A61BF49232C6}
		{22B09CD1-A3B3-489F-9257-C0C4286529F7} = {473EF3C4-73FA-6715-AA3C-7C7929374EED}
		{1E319C13-0424-4732-B8DD-545AA0729360} = {473EF3C4-73FA-6715-AA3C-7C7929374EED}
		{5FB982CC-A842-49D8-ABC7-A4AAA4D4FC82} = {473EF3C4-73FA-6715-AA3C-7C7929374EED}
		{F7FE8128-63CE-4D0D-8D98-7431D62E9AF3} = {0AB3BF05-4346-4AA6-1389-037BE0695223}
		{65609A27-4C95-4AC5-B8FF-553744F14711} = {0AB3BF05-4346-4AA6-1389-037BE0695223}
		{B9A0488A-002A-4260-B9FD-4743FB48433A} = {0AB3BF05-4346-4AA6-1389-037BE0695223}
		{FF81B1E6-1D7A-4EAA-8215-A6D0F6820990} = {0AB3BF05-4346-4AA6-1389-037BE0695223}
		{10C7AADA-240C-599B-D086-2F2CEEE02EBE} = {0AB3BF05-4346-4AA6-1389-037BE0695223}
		{E7AF14FD-9E06-4CDD-8FCC-647C40B75F81} = {10C7AADA-240C-599B-D086-2F2CEEE02EBE}
		{8222F5B1-A29A-4EFD-AD0E-3A4E13D5B57A} = {0AB3BF05-4346-4AA6-1389-037BE0695223}
	EndGlobalSection
EndGlobal
